Microsoft Visual Studio Solution File, Format Version 12.00
# Visual Studio Version 17
VisualStudioVersion = 17.5.2.0
MinimumVisualStudioVersion = 10.0.40219.1
Project("{FAE04EC0-301F-11D3-BF4B-00C04F79EFBC}") = "Rise.Server", "Rise.Server.csproj", "{79D90CA6-9803-FD5F-2777-E83B41748DAE}"
EndProject
Global
	GlobalSection(SolutionConfigurationPlatforms) = preSolution
		Debug|Any CPU = Debug|Any CPU
		Release|Any CPU = Release|Any CPU
	EndGlobalSection
	GlobalSection(ProjectConfigurationPlatforms) = postSolution
		{79D90CA6-9803-FD5F-2777-E83B41748DAE}.Debug|Any CPU.ActiveCfg = Debug|Any CPU
		{79D90CA6-9803-FD5F-2777-E83B41748DAE}.Debug|Any CPU.Build.0 = Debug|Any CPU
		{79D90CA6-9803-FD5F-2777-E83B41748DAE}.Release|Any CPU.ActiveCfg = Release|Any CPU
		{79D90CA6-9803-FD5F-2777-E83B41748DAE}.Release|Any CPU.Build.0 = Release|Any CPU
	EndGlobalSection
	GlobalSection(SolutionProperties) = preSolution
		HideSolutionNode = FALSE
	EndGlobalSection
	GlobalSection(ExtensibilityGlobals) = postSolution
		SolutionGuid = {D15A55A0-5183-4221-8620-C66EAB23AF49}
	EndGlobalSection
EndGlobal
